schema: '2.0'
stages:
  Data_Download_Pipeline:
    cmd: python src\audio_testing\pipelines\data_download_pipeline.py
    deps:
    - path: src\audio_testing\pipelines\data_download_pipeline.py
      hash: md5
      md5: 9fe51b1ad6a8fda0b3a1fdcfa9a2e9ed
      size: 798
    - path: yaml_files\paths_config.yaml
      hash: md5
      md5: 3681c8e6cea5db4aa18a763a15f6bbf2
      size: 1235
    outs:
    - path: artifacts/zipped
      hash: md5
      md5: f65db491d3b0e66443cc13a6ba249942.dir
      size: 115409625
      nfiles: 835
  Data_Processing_Pipeline:
    cmd: python src/audio_testing/pipelines/data_redemption_pipeline.py
    deps:
    - path: artifacts/zipped
      hash: md5
      md5: f65db491d3b0e66443cc13a6ba249942.dir
      size: 115409625
      nfiles: 835
    - path: src/audio_testing/pipelines/data_redemption_pipeline.py
      hash: md5
      md5: 79156ec69e3bd462e24e6f0f8835c4e5
      size: 716
    - path: yaml_files/paths_config.yaml
      hash: md5
      md5: 3681c8e6cea5db4aa18a763a15f6bbf2
      size: 1235
    outs:
    - path: artifacts/redeemed_data/
      hash: md5
      md5: 1d2a43a38fd76d6efa248cdfa76f48ac.dir
      size: 64431768
      nfiles: 1
  Data_Reduction_Pipeline:
    cmd: python src/audio_testing/pipelines/data_reduction_pipeline.py
    deps:
    - path: artifacts/redeemed_data/
      hash: md5
      md5: 1d2a43a38fd76d6efa248cdfa76f48ac.dir
      size: 64431768
      nfiles: 1
    - path: src/audio_testing/pipelines/data_reduction_pipeline.py
      hash: md5
      md5: e51f67516098c77750ec17b7de111d90
      size: 645
    - path: yaml_files/paths_config.yaml
      hash: md5
      md5: 3681c8e6cea5db4aa18a763a15f6bbf2
      size: 1235
    outs:
    - path: artifacts/reduced_data/
      hash: md5
      md5: ae9dd003cbeab7de3a34ebae7e920676.dir
      size: 81079048
      nfiles: 1
  Model_Training:
    cmd: python src/audio_testing/pipelines/model_training_pipeline.py
    deps:
    - path: artifacts/redeemed_data/
      hash: md5
      md5: 1d2a43a38fd76d6efa248cdfa76f48ac.dir
      size: 64431768
      nfiles: 1
    - path: artifacts/reduced_data/
      hash: md5
      md5: ae9dd003cbeab7de3a34ebae7e920676.dir
      size: 81079048
      nfiles: 1
    - path: src/audio_testing/pipelines/model_training_pipeline.py
      hash: md5
      md5: f634be0ab3a21591ffcaf0652bbb0845
      size: 1349
    - path: yaml_files/params.yaml
      hash: md5
      md5: a0a2bbf9f2328a4db744fe952e68c9b4
      size: 240
    - path: yaml_files/paths_config.yaml
      hash: md5
      md5: 3681c8e6cea5db4aa18a763a15f6bbf2
      size: 1235
    outs:
    - path: artifacts/saved_models/
      hash: md5
      md5: f5b30866c9103b8cd8878626131592b3.dir
      size: 20639298
      nfiles: 1
